
Microsoft Visual Studio Solution File, Format Version 12.00
# Visual Studio Version 17
VisualStudioVersion = 17.6.33829.357
MinimumVisualStudioVersion = 10.0.40219.1
Project("{8BC9CEB8-8B4A-11D0-8D11-00A0C91BC942}") = "Audio", "Source\Engine\Audio\Audio.vcxproj", "{A99D39E2-BB4F-4578-B455-EEB52CD8C14D}"
EndProject
Project("{8BC9CEB8-8B4A-11D0-8D11-00A0C91BC942}") = "Core", "Source\Engine\Core\Core.vcxproj", "{4236908A-A7E1-426B-8260-7AEE12BEE416}"
EndProject
Project("{8BC9CEB8-8B4A-11D0-8D11-00A0C91BC942}") = "Framework", "Source\Engine\Framework\Framework.vcxproj", "{3DB1E192-D770-4094-B6B6-641FC4D9A971}"
EndProject
Project("{8BC9CEB8-8B4A-11D0-8D11-00A0C91BC942}") = "Input", "Source\Engine\Input\Input.vcxproj", "{C2D0D376-ECE9-4A4F-B94B-572ADE91B990}"
EndProject
Project("{8BC9CEB8-8B4A-11D0-8D11-00A0C91BC942}") = "Renderer", "Source\Engine\Renderer\Renderer.vcxproj", "{5C4C110B-AD05-4858-BEDA-1BA780DF973B}"
EndProject
Project("{8BC9CEB8-8B4A-11D0-8D11-00A0C91BC942}") = "Game", "Source\Game\Game\Game.vcxproj", "{7C8D3FE0-8225-4A0D-83C6-A0FF2841387C}"
EndProject
Project("{2150E333-8FDC-42A3-9474-1A3956D46DE8}") = "Engine", "Engine", "{8234F6FA-CF9B-475B-B4EF-4814F138C08D}"
EndProject
Project("{2150E333-8FDC-42A3-9474-1A3956D46DE8}") = "Game", "Game", "{BE7F945B-B369-489C-BA04-359F05B323C7}"
EndProject
Global
	GlobalSection(SolutionConfigurationPlatforms) = preSolution
		Debug|x64 = Debug|x64
		Debug|x86 = Debug|x86
		Release|x64 = Release|x64
		Release|x86 = Release|x86
	EndGlobalSection
	GlobalSection(ProjectConfigurationPlatforms) = postSolution
		{A99D39E2-BB4F-4578-B455-EEB52CD8C14D}.Debug|x64.ActiveCfg = Debug|x64
		{A99D39E2-BB4F-4578-B455-EEB52CD8C14D}.Debug|x64.Build.0 = Debug|x64
		{A99D39E2-BB4F-4578-B455-EEB52CD8C14D}.Debug|x86.ActiveCfg = Debug|Win32
		{A99D39E2-BB4F-4578-B455-EEB52CD8C14D}.Debug|x86.Build.0 = Debug|Win32
		{A99D39E2-BB4F-4578-B455-EEB52CD8C14D}.Release|x64.ActiveCfg = Release|x64
		{A99D39E2-BB4F-4578-B455-EEB52CD8C14D}.Release|x64.Build.0 = Release|x64
		{A99D39E2-BB4F-4578-B455-EEB52CD8C14D}.Release|x86.ActiveCfg = Release|Win32
		{A99D39E2-BB4F-4578-B455-EEB52CD8C14D}.Release|x86.Build.0 = Release|Win32
		{4236908A-A7E1-426B-8260-7AEE12BEE416}.Debug|x64.ActiveCfg = Debug|x64
		{4236908A-A7E1-426B-8260-7AEE12BEE416}.Debug|x64.Build.0 = Debug|x64
		{4236908A-A7E1-426B-8260-7AEE12BEE416}.Debug|x86.ActiveCfg = Debug|Win32
		{4236908A-A7E1-426B-8260-7AEE12BEE416}.Debug|x86.Build.0 = Debug|Win32
		{4236908A-A7E1-426B-8260-7AEE12BEE416}.Release|x64.ActiveCfg = Release|x64
		{4236908A-A7E1-426B-8260-7AEE12BEE416}.Release|x64.Build.0 = Release|x64
		{4236908A-A7E1-426B-8260-7AEE12BEE416}.Release|x86.ActiveCfg = Release|Win32
		{4236908A-A7E1-426B-8260-7AEE12BEE416}.Release|x86.Build.0 = Release|Win32
		{3DB1E192-D770-4094-B6B6-641FC4D9A971}.Debug|x64.ActiveCfg = Debug|x64
		{3DB1E192-D770-4094-B6B6-641FC4D9A971}.Debug|x64.Build.0 = Debug|x64
		{3DB1E192-D770-4094-B6B6-641FC4D9A971}.Debug|x86.ActiveCfg = Debug|Win32
		{3DB1E192-D770-4094-B6B6-641FC4D9A971}.Debug|x86.Build.0 = Debug|Win32
		{3DB1E192-D770-4094-B6B6-641FC4D9A971}.Release|x64.ActiveCfg = Release|x64
		{3DB1E192-D770-4094-B6B6-641FC4D9A971}.Release|x64.Build.0 = Release|x64
		{3DB1E192-D770-4094-B6B6-641FC4D9A971}.Release|x86.ActiveCfg = Release|Win32
		{3DB1E192-D770-4094-B6B6-641FC4D9A971}.Release|x86.Build.0 = Release|Win32
		{C2D0D376-ECE9-4A4F-B94B-572ADE91B990}.Debug|x64.ActiveCfg = Debug|x64
		{C2D0D376-ECE9-4A4F-B94B-572ADE91B990}.Debug|x64.Build.0 = Debug|x64
		{C2D0D376-ECE9-4A4F-B94B-572ADE91B990}.Debug|x86.ActiveCfg = Debug|Win32
		{C2D0D376-ECE9-4A4F-B94B-572ADE91B990}.Debug|x86.Build.0 = Debug|Win32
		{C2D0D376-ECE9-4A4F-B94B-572ADE91B990}.Release|x64.ActiveCfg = Release|x64
		{C2D0D376-ECE9-4A4F-B94B-572ADE91B990}.Release|x64.Build.0 = Release|x64
		{C2D0D376-ECE9-4A4F-B94B-572ADE91B990}.Release|x86.ActiveCfg = Release|Win32
		{C2D0D376-ECE9-4A4F-B94B-572ADE91B990}.Release|x86.Build.0 = Release|Win32
		{5C4C110B-AD05-4858-BEDA-1BA780DF973B}.Debug|x64.ActiveCfg = Debug|x64
		{5C4C110B-AD05-4858-BEDA-1BA780DF973B}.Debug|x64.Build.0 = Debug|x64
		{5C4C110B-AD05-4858-BEDA-1BA780DF973B}.Debug|x86.ActiveCfg = Debug|Win32
		{5C4C110B-AD05-4858-BEDA-1BA780DF973B}.Debug|x86.Build.0 = Debug|Win32
		{5C4C110B-AD05-4858-BEDA-1BA780DF973B}.Release|x64.ActiveCfg = Release|x64
		{5C4C110B-AD05-4858-BEDA-1BA780DF973B}.Release|x64.Build.0 = Release|x64
		{5C4C110B-AD05-4858-BEDA-1BA780DF973B}.Release|x86.ActiveCfg = Release|Win32
		{5C4C110B-AD05-4858-BEDA-1BA780DF973B}.Release|x86.Build.0 = Release|Win32
		{7C8D3FE0-8225-4A0D-83C6-A0FF2841387C}.Debug|x64.ActiveCfg = Debug|x64
		{7C8D3FE0-8225-4A0D-83C6-A0FF2841387C}.Debug|x64.Build.0 = Debug|x64
		{7C8D3FE0-8225-4A0D-83C6-A0FF2841387C}.Debug|x86.ActiveCfg = Debug|Win32
		{7C8D3FE0-8225-4A0D-83C6-A0FF2841387C}.Debug|x86.Build.0 = Debug|Win32
		{7C8D3FE0-8225-4A0D-83C6-A0FF2841387C}.Release|x64.ActiveCfg = Release|x64
		{7C8D3FE0-8225-4A0D-83C6-A0FF2841387C}.Release|x64.Build.0 = Release|x64
		{7C8D3FE0-8225-4A0D-83C6-A0FF2841387C}.Release|x86.ActiveCfg = Release|Win32
		{7C8D3FE0-8225-4A0D-83C6-A0FF2841387C}.Release|x86.Build.0 = Release|Win32
	EndGlobalSection
	GlobalSection(SolutionProperties) = preSolution
		HideSolutionNode = FALSE
	EndGlobalSection
	GlobalSection(NestedProjects) = preSolution
		{A99D39E2-BB4F-4578-B455-EEB52CD8C14D} = {8234F6FA-CF9B-475B-B4EF-4814F138C08D}
		{4236908A-A7E1-426B-8260-7AEE12BEE416} = {8234F6FA-CF9B-475B-B4EF-4814F138C08D}
		{3DB1E192-D770-4094-B6B6-641FC4D9A971} = {8234F6FA-CF9B-475B-B4EF-4814F138C08D}
		{C2D0D376-ECE9-4A4F-B94B-572ADE91B990} = {8234F6FA-CF9B-475B-B4EF-4814F138C08D}
		{5C4C110B-AD05-4858-BEDA-1BA780DF973B} = {8234F6FA-CF9B-475B-B4EF-4814F138C08D}
		{7C8D3FE0-8225-4A0D-83C6-A0FF2841387C} = {BE7F945B-B369-489C-BA04-359F05B323C7}
	EndGlobalSection
	GlobalSection(ExtensibilityGlobals) = postSolution
		SolutionGuid = {35C07259-0D76-4623-A058-34FCCE288B63}
	EndGlobalSection
EndGlobal
